
Microsoft Visual Studio Solution File, Format Version 12.00
# Visual Studio 15
VisualStudioVersion = 15.0.27130.2027
MinimumVisualStudioVersion = 10.0.40219.1
Project("{D954291E-2A0B-460D-934E-DC6B0785DB48}") = "AppData", "AppData\AppData.shproj", "{F720BBB5-2027-42CB-A664-E4F065459F59}"
EndProject
Project("{D954291E-2A0B-460D-934E-DC6B0785DB48}") = "DataAccessLayer", "DataAccessLayer\DataAccessLayer.shproj", "{B5541688-6872-4033-A0B8-917FE6121A1D}"
EndProject
Project("{9A19103F-16F7-4668-BE54-9A1E7A4F7556}") = "MyEvent.X", "MyEvent.X\MyEvent.X\MyEvent.X.csproj", "{1C6E30F9-DDED-4B65-8D94-DB2190EEE898}"
EndProject
Project("{FAE04EC0-301F-11D3-BF4B-00C04F79EFBC}") = "MyEvent.X.Droid", "MyEvent.X\MyEvent.X.Droid\MyEvent.X.Droid.csproj", "{6D8B5EBA-9461-4E4D-9990-D0E0766D1AD9}"
EndProject
Project("{FAE04EC0-301F-11D3-BF4B-00C04F79EFBC}") = "MyEvent.X.iOS", "MyEvent.X\MyEvent.X.iOS\MyEvent.X.iOS.csproj", "{65CCB51A-9986-4CC7-BFE3-FD897C116684}"
EndProject
Project("{FAE04EC0-301F-11D3-BF4B-00C04F79EFBC}") = "MyEvent.X.UWP", "MyEvent.X\MyEvent.X.UWP\MyEvent.X.UWP.csproj", "{17F32267-5C95-40D2-8F3E-140FAFFA195A}"
EndProject
Project("{9A19103F-16F7-4668-BE54-9A1E7A4F7556}") = "MyEvent.X.DAL.EF", "MyEvent.X.DAL.EF\MyEvent.X.DAL.EF.csproj", "{67F9D3A8-F71E-4428-913F-C37AE82CDB24}"
EndProject
Project("{9A19103F-16F7-4668-BE54-9A1E7A4F7556}") = "MyEvent.WebApp", "MyEvent.WebApp\MyEvent.WebApp.csproj", "{6E3428DE-9A6D-491F-99C0-33734AC74D24}"
EndProject
Project("{9A19103F-16F7-4668-BE54-9A1E7A4F7556}") = "MyEvent.ngWebApp", "MyEvent.ngWebApp\MyEvent.ngWebApp.csproj", "{F6CE77BB-6D98-40CD-9CAC-8FB5FA31B32A}"
EndProject
Project("{9A19103F-16F7-4668-BE54-9A1E7A4F7556}") = "MyEvent.reactApp", "MyEvent.reactApp\MyEvent.reactApp.csproj", "{A36A8F79-C330-4C3C-9B3C-3472FDD8F491}"
EndProject
Global
	GlobalSection(SharedMSBuildProjectFiles) = preSolution
		DataAccessLayer\DataAccessLayer.projitems*{b5541688-6872-4033-a0b8-917fe6121a1d}*SharedItemsImports = 13
		AppData\AppData.projitems*{f720bbb5-2027-42cb-a664-e4f065459f59}*SharedItemsImports = 13
	EndGlobalSection
	GlobalSection(SolutionConfigurationPlatforms) = preSolution
		Ad-Hoc|Any CPU = Ad-Hoc|Any CPU
		Ad-Hoc|ARM = Ad-Hoc|ARM
		Ad-Hoc|iPhone = Ad-Hoc|iPhone
		Ad-Hoc|iPhoneSimulator = Ad-Hoc|iPhoneSimulator
		Ad-Hoc|x64 = Ad-Hoc|x64
		Ad-Hoc|x86 = Ad-Hoc|x86
		AppStore|Any CPU = AppStore|Any CPU
		AppStore|ARM = AppStore|ARM
		AppStore|iPhone = AppStore|iPhone
		AppStore|iPhoneSimulator = AppStore|iPhoneSimulator
		AppStore|x64 = AppStore|x64
		AppStore|x86 = AppStore|x86
		Debug|Any CPU = Debug|Any CPU
		Debug|ARM = Debug|ARM
		Debug|iPhone = Debug|iPhone
		Debug|iPhoneSimulator = Debug|iPhoneSimulator
		Debug|x64 = Debug|x64
		Debug|x86 = Debug|x86
		Release|Any CPU = Release|Any CPU
		Release|ARM = Release|ARM
		Release|iPhone = Release|iPhone
		Release|iPhoneSimulator = Release|iPhoneSimulator
		Release|x64 = Release|x64
		Release|x86 = Release|x86
	EndGlobalSection
	GlobalSection(ProjectConfigurationPlatforms) = postSolution
		{1C6E30F9-DDED-4B65-8D94-DB2190EEE898}.Ad-Hoc|Any CPU.ActiveCfg = Release|Any CPU
		{1C6E30F9-DDED-4B65-8D94-DB2190EEE898}.Ad-Hoc|Any CPU.Build.0 = Release|Any CPU
		{1C6E30F9-DDED-4B65-8D94-DB2190EEE898}.Ad-Hoc|ARM.ActiveCfg = Release|Any CPU
		{1C6E30F9-DDED-4B65-8D94-DB2190EEE898}.Ad-Hoc|ARM.Build.0 = Release|Any CPU
		{1C6E30F9-DDED-4B65-8D94-DB2190EEE898}.Ad-Hoc|iPhone.ActiveCfg = Release|Any CPU
		{1C6E30F9-DDED-4B65-8D94-DB2190EEE898}.Ad-Hoc|iPhone.Build.0 = Release|Any CPU
		{1C6E30F9-DDED-4B65-8D94-DB2190EEE898}.Ad-Hoc|iPhoneSimulator.ActiveCfg = Release|Any CPU
		{1C6E30F9-DDED-4B65-8D94-DB2190EEE898}.Ad-Hoc|iPhoneSimulator.Build.0 = Release|Any CPU
		{1C6E30F9-DDED-4B65-8D94-DB2190EEE898}.Ad-Hoc|x64.ActiveCfg = Release|Any CPU
		{1C6E30F9-DDED-4B65-8D94-DB2190EEE898}.Ad-Hoc|x64.Build.0 = Release|Any CPU
		{1C6E30F9-DDED-4B65-8D94-DB2190EEE898}.Ad-Hoc|x86.ActiveCfg = Release|Any CPU
		{1C6E30F9-DDED-4B65-8D94-DB2190EEE898}.Ad-Hoc|x86.Build.0 = Release|Any CPU
		{1C6E30F9-DDED-4B65-8D94-DB2190EEE898}.AppStore|Any CPU.ActiveCfg = Release|Any CPU
		{1C6E30F9-DDED-4B65-8D94-DB2190EEE898}.AppStore|Any CPU.Build.0 = Release|Any CPU
		{1C6E30F9-DDED-4B65-8D94-DB2190EEE898}.AppStore|ARM.ActiveCfg = Release|Any CPU
		{1C6E30F9-DDED-4B65-8D94-DB2190EEE898}.AppStore|ARM.Build.0 = Release|Any CPU
		{1C6E30F9-DDED-4B65-8D94-DB2190EEE898}.AppStore|iPhone.ActiveCfg = Release|Any CPU
		{1C6E30F9-DDED-4B65-8D94-DB2190EEE898}.AppStore|iPhone.Build.0 = Release|Any CPU
		{1C6E30F9-DDED-4B65-8D94-DB2190EEE898}.AppStore|iPhoneSimulator.ActiveCfg = Release|Any CPU
		{1C6E30F9-DDED-4B65-8D94-DB2190EEE898}.AppStore|iPhoneSimulator.Build.0 = Release|Any CPU
		{1C6E30F9-DDED-4B65-8D94-DB2190EEE898}.AppStore|x64.ActiveCfg = Release|Any CPU
		{1C6E30F9-DDED-4B65-8D94-DB2190EEE898}.AppStore|x64.Build.0 = Release|Any CPU
		{1C6E30F9-DDED-4B65-8D94-DB2190EEE898}.AppStore|x86.ActiveCfg = Release|Any CPU
		{1C6E30F9-DDED-4B65-8D94-DB2190EEE898}.AppStore|x86.Build.0 = Release|Any CPU
		{1C6E30F9-DDED-4B65-8D94-DB2190EEE898}.Debug|Any CPU.ActiveCfg = Debug|Any CPU
		{1C6E30F9-DDED-4B65-8D94-DB2190EEE898}.Debug|Any CPU.Build.0 = Debug|Any CPU
		{1C6E30F9-DDED-4B65-8D94-DB2190EEE898}.Debug|ARM.ActiveCfg = Debug|Any CPU
		{1C6E30F9-DDED-4B65-8D94-DB2190EEE898}.Debug|ARM.Build.0 = Debug|Any CPU
		{1C6E30F9-DDED-4B65-8D94-DB2190EEE898}.Debug|iPhone.ActiveCfg = Debug|Any CPU
		{1C6E30F9-DDED-4B65-8D94-DB2190EEE898}.Debug|iPhone.Build.0 = Debug|Any CPU
		{1C6E30F9-DDED-4B65-8D94-DB2190EEE898}.Debug|iPhoneSimulator.ActiveCfg = Debug|Any CPU
		{1C6E30F9-DDED-4B65-8D94-DB2190EEE898}.Debug|iPhoneSimulator.Build.0 = Debug|Any CPU
		{1C6E30F9-DDED-4B65-8D94-DB2190EEE898}.Debug|x64.ActiveCfg = Debug|Any CPU
		{1C6E30F9-DDED-4B65-8D94-DB2190EEE898}.Debug|x64.Build.0 = Debug|Any CPU
		{1C6E30F9-DDED-4B65-8D94-DB2190EEE898}.Debug|x86.ActiveCfg = Debug|Any CPU
		{1C6E30F9-DDED-4B65-8D94-DB2190EEE898}.Debug|x86.Build.0 = Debug|Any CPU
		{1C6E30F9-DDED-4B65-8D94-DB2190EEE898}.Release|Any CPU.ActiveCfg = Release|Any CPU
		{1C6E30F9-DDED-4B65-8D94-DB2190EEE898}.Release|Any CPU.Build.0 = Release|Any CPU
		{1C6E30F9-DDED-4B65-8D94-DB2190EEE898}.Release|ARM.ActiveCfg = Release|Any CPU
		{1C6E30F9-DDED-4B65-8D94-DB2190EEE898}.Release|ARM.Build.0 = Release|Any CPU
		{1C6E30F9-DDED-4B65-8D94-DB2190EEE898}.Release|iPhone.ActiveCfg = Release|Any CPU
		{1C6E30F9-DDED-4B65-8D94-DB2190EEE898}.Release|iPhone.Build.0 = Release|Any CPU
		{1C6E30F9-DDED-4B65-8D94-DB2190EEE898}.Release|iPhoneSimulator.ActiveCfg = Release|Any CPU
		{1C6E30F9-DDED-4B65-8D94-DB2190EEE898}.Release|iPhoneSimulator.Build.0 = Release|Any CPU
		{1C6E30F9-DDED-4B65-8D94-DB2190EEE898}.Release|x64.ActiveCfg = Release|Any CPU
		{1C6E30F9-DDED-4B65-8D94-DB2190EEE898}.Release|x64.Build.0 = Release|Any CPU
		{1C6E30F9-DDED-4B65-8D94-DB2190EEE898}.Release|x86.ActiveCfg = Release|Any CPU
		{1C6E30F9-DDED-4B65-8D94-DB2190EEE898}.Release|x86.Build.0 = Release|Any CPU
		{6D8B5EBA-9461-4E4D-9990-D0E0766D1AD9}.Ad-Hoc|Any CPU.ActiveCfg = Release|Any CPU
		{6D8B5EBA-9461-4E4D-9990-D0E0766D1AD9}.Ad-Hoc|Any CPU.Build.0 = Release|Any CPU
		{6D8B5EBA-9461-4E4D-9990-D0E0766D1AD9}.Ad-Hoc|Any CPU.Deploy.0 = Release|Any CPU
		{6D8B5EBA-9461-4E4D-9990-D0E0766D1AD9}.Ad-Hoc|ARM.ActiveCfg = Release|Any CPU
		{6D8B5EBA-9461-4E4D-9990-D0E0766D1AD9}.Ad-Hoc|ARM.Build.0 = Release|Any CPU
		{6D8B5EBA-9461-4E4D-9990-D0E0766D1AD9}.Ad-Hoc|ARM.Deploy.0 = Release|Any CPU
		{6D8B5EBA-9461-4E4D-9990-D0E0766D1AD9}.Ad-Hoc|iPhone.ActiveCfg = Release|Any CPU
		{6D8B5EBA-9461-4E4D-9990-D0E0766D1AD9}.Ad-Hoc|iPhone.Build.0 = Release|Any CPU
		{6D8B5EBA-9461-4E4D-9990-D0E0766D1AD9}.Ad-Hoc|iPhone.Deploy.0 = Release|Any CPU
		{6D8B5EBA-9461-4E4D-9990-D0E0766D1AD9}.Ad-Hoc|iPhoneSimulator.ActiveCfg = Release|Any CPU
		{6D8B5EBA-9461-4E4D-9990-D0E0766D1AD9}.Ad-Hoc|iPhoneSimulator.Build.0 = Release|Any CPU
		{6D8B5EBA-9461-4E4D-9990-D0E0766D1AD9}.Ad-Hoc|iPhoneSimulator.Deploy.0 = Release|Any CPU
		{6D8B5EBA-9461-4E4D-9990-D0E0766D1AD9}.Ad-Hoc|x64.ActiveCfg = Release|Any CPU
		{6D8B5EBA-9461-4E4D-9990-D0E0766D1AD9}.Ad-Hoc|x64.Build.0 = Release|Any CPU
		{6D8B5EBA-9461-4E4D-9990-D0E0766D1AD9}.Ad-Hoc|x64.Deploy.0 = Release|Any CPU
		{6D8B5EBA-9461-4E4D-9990-D0E0766D1AD9}.Ad-Hoc|x86.ActiveCfg = Release|Any CPU
		{6D8B5EBA-9461-4E4D-9990-D0E0766D1AD9}.Ad-Hoc|x86.Build.0 = Release|Any CPU
		{6D8B5EBA-9461-4E4D-9990-D0E0766D1AD9}.Ad-Hoc|x86.Deploy.0 = Release|Any CPU
		{6D8B5EBA-9461-4E4D-9990-D0E0766D1AD9}.AppStore|Any CPU.ActiveCfg = Release|Any CPU
		{6D8B5EBA-9461-4E4D-9990-D0E0766D1AD9}.AppStore|Any CPU.Build.0 = Release|Any CPU
		{6D8B5EBA-9461-4E4D-9990-D0E0766D1AD9}.AppStore|Any CPU.Deploy.0 = Release|Any CPU
		{6D8B5EBA-9461-4E4D-9990-D0E0766D1AD9}.AppStore|ARM.ActiveCfg = Release|Any CPU
		{6D8B5EBA-9461-4E4D-9990-D0E0766D1AD9}.AppStore|ARM.Build.0 = Release|Any CPU
		{6D8B5EBA-9461-4E4D-9990-D0E0766D1AD9}.AppStore|ARM.Deploy.0 = Release|Any CPU
		{6D8B5EBA-9461-4E4D-9990-D0E0766D1AD9}.AppStore|iPhone.ActiveCfg = Release|Any CPU
		{6D8B5EBA-9461-4E4D-9990-D0E0766D1AD9}.AppStore|iPhone.Build.0 = Release|Any CPU
		{6D8B5EBA-9461-4E4D-9990-D0E0766D1AD9}.AppStore|iPhone.Deploy.0 = Release|Any CPU
		{6D8B5EBA-9461-4E4D-9990-D0E0766D1AD9}.AppStore|iPhoneSimulator.ActiveCfg = Release|Any CPU
		{6D8B5EBA-9461-4E4D-9990-D0E0766D1AD9}.AppStore|iPhoneSimulator.Build.0 = Release|Any CPU
		{6D8B5EBA-9461-4E4D-9990-D0E0766D1AD9}.AppStore|iPhoneSimulator.Deploy.0 = Release|Any CPU
		{6D8B5EBA-9461-4E4D-9990-D0E0766D1AD9}.AppStore|x64.ActiveCfg = Release|Any CPU
		{6D8B5EBA-9461-4E4D-9990-D0E0766D1AD9}.AppStore|x64.Build.0 = Release|Any CPU
		{6D8B5EBA-9461-4E4D-9990-D0E0766D1AD9}.AppStore|x64.Deploy.0 = Release|Any CPU
		{6D8B5EBA-9461-4E4D-9990-D0E0766D1AD9}.AppStore|x86.ActiveCfg = Release|Any CPU
		{6D8B5EBA-9461-4E4D-9990-D0E0766D1AD9}.AppStore|x86.Build.0 = Release|Any CPU
		{6D8B5EBA-9461-4E4D-9990-D0E0766D1AD9}.AppStore|x86.Deploy.0 = Release|Any CPU
		{6D8B5EBA-9461-4E4D-9990-D0E0766D1AD9}.Debug|Any CPU.ActiveCfg = Debug|Any CPU
		{6D8B5EBA-9461-4E4D-9990-D0E0766D1AD9}.Debug|Any CPU.Build.0 = Debug|Any CPU
		{6D8B5EBA-9461-4E4D-9990-D0E0766D1AD9}.Debug|ARM.ActiveCfg = Debug|Any CPU
		{6D8B5EBA-9461-4E4D-9990-D0E0766D1AD9}.Debug|ARM.Build.0 = Debug|Any CPU
		{6D8B5EBA-9461-4E4D-9990-D0E0766D1AD9}.Debug|ARM.Deploy.0 = Debug|Any CPU
		{6D8B5EBA-9461-4E4D-9990-D0E0766D1AD9}.Debug|iPhone.ActiveCfg = Debug|Any CPU
		{6D8B5EBA-9461-4E4D-9990-D0E0766D1AD9}.Debug|iPhone.Build.0 = Debug|Any CPU
		{6D8B5EBA-9461-4E4D-9990-D0E0766D1AD9}.Debug|iPhone.Deploy.0 = Debug|Any CPU
		{6D8B5EBA-9461-4E4D-9990-D0E0766D1AD9}.Debug|iPhoneSimulator.ActiveCfg = Debug|Any CPU
		{6D8B5EBA-9461-4E4D-9990-D0E0766D1AD9}.Debug|iPhoneSimulator.Build.0 = Debug|Any CPU
		{6D8B5EBA-9461-4E4D-9990-D0E0766D1AD9}.Debug|iPhoneSimulator.Deploy.0 = Debug|Any CPU
		{6D8B5EBA-9461-4E4D-9990-D0E0766D1AD9}.Debug|x64.ActiveCfg = Debug|Any CPU
		{6D8B5EBA-9461-4E4D-9990-D0E0766D1AD9}.Debug|x64.Build.0 = Debug|Any CPU
		{6D8B5EBA-9461-4E4D-9990-D0E0766D1AD9}.Debug|x64.Deploy.0 = Debug|Any CPU
		{6D8B5EBA-9461-4E4D-9990-D0E0766D1AD9}.Debug|x86.ActiveCfg = Debug|Any CPU
		{6D8B5EBA-9461-4E4D-9990-D0E0766D1AD9}.Debug|x86.Build.0 = Debug|Any CPU
		{6D8B5EBA-9461-4E4D-9990-D0E0766D1AD9}.Debug|x86.Deploy.0 = Debug|Any CPU
		{6D8B5EBA-9461-4E4D-9990-D0E0766D1AD9}.Release|Any CPU.ActiveCfg = Release|Any CPU
		{6D8B5EBA-9461-4E4D-9990-D0E0766D1AD9}.Release|Any CPU.Build.0 = Release|Any CPU
		{6D8B5EBA-9461-4E4D-9990-D0E0766D1AD9}.Release|Any CPU.Deploy.0 = Release|Any CPU
		{6D8B5EBA-9461-4E4D-9990-D0E0766D1AD9}.Release|ARM.ActiveCfg = Release|Any CPU
		{6D8B5EBA-9461-4E4D-9990-D0E0766D1AD9}.Release|ARM.Build.0 = Release|Any CPU
		{6D8B5EBA-9461-4E4D-9990-D0E0766D1AD9}.Release|ARM.Deploy.0 = Release|Any CPU
		{6D8B5EBA-9461-4E4D-9990-D0E0766D1AD9}.Release|iPhone.ActiveCfg = Release|Any CPU
		{6D8B5EBA-9461-4E4D-9990-D0E0766D1AD9}.Release|iPhone.Build.0 = Release|Any CPU
		{6D8B5EBA-9461-4E4D-9990-D0E0766D1AD9}.Release|iPhone.Deploy.0 = Release|Any CPU
		{6D8B5EBA-9461-4E4D-9990-D0E0766D1AD9}.Release|iPhoneSimulator.ActiveCfg = Release|Any CPU
		{6D8B5EBA-9461-4E4D-9990-D0E0766D1AD9}.Release|iPhoneSimulator.Build.0 = Release|Any CPU
		{6D8B5EBA-9461-4E4D-9990-D0E0766D1AD9}.Release|iPhoneSimulator.Deploy.0 = Release|Any CPU
		{6D8B5EBA-9461-4E4D-9990-D0E0766D1AD9}.Release|x64.ActiveCfg = Release|Any CPU
		{6D8B5EBA-9461-4E4D-9990-D0E0766D1AD9}.Release|x64.Build.0 = Release|Any CPU
		{6D8B5EBA-9461-4E4D-9990-D0E0766D1AD9}.Release|x64.Deploy.0 = Release|Any CPU
		{6D8B5EBA-9461-4E4D-9990-D0E0766D1AD9}.Release|x86.ActiveCfg = Release|Any CPU
		{6D8B5EBA-9461-4E4D-9990-D0E0766D1AD9}.Release|x86.Build.0 = Release|Any CPU
		{6D8B5EBA-9461-4E4D-9990-D0E0766D1AD9}.Release|x86.Deploy.0 = Release|Any CPU
		{65CCB51A-9986-4CC7-BFE3-FD897C116684}.Ad-Hoc|Any CPU.ActiveCfg = Ad-Hoc|iPhone
		{65CCB51A-9986-4CC7-BFE3-FD897C116684}.Ad-Hoc|ARM.ActiveCfg = Ad-Hoc|iPhone
		{65CCB51A-9986-4CC7-BFE3-FD897C116684}.Ad-Hoc|iPhone.ActiveCfg = Ad-Hoc|iPhone
		{65CCB51A-9986-4CC7-BFE3-FD897C116684}.Ad-Hoc|iPhone.Build.0 = Ad-Hoc|iPhone
		{65CCB51A-9986-4CC7-BFE3-FD897C116684}.Ad-Hoc|iPhoneSimulator.ActiveCfg = Ad-Hoc|iPhoneSimulator
		{65CCB51A-9986-4CC7-BFE3-FD897C116684}.Ad-Hoc|iPhoneSimulator.Build.0 = Ad-Hoc|iPhoneSimulator
		{65CCB51A-9986-4CC7-BFE3-FD897C116684}.Ad-Hoc|x64.ActiveCfg = Ad-Hoc|iPhone
		{65CCB51A-9986-4CC7-BFE3-FD897C116684}.Ad-Hoc|x86.ActiveCfg = Ad-Hoc|iPhone
		{65CCB51A-9986-4CC7-BFE3-FD897C116684}.AppStore|Any CPU.ActiveCfg = AppStore|iPhone
		{65CCB51A-9986-4CC7-BFE3-FD897C116684}.AppStore|ARM.ActiveCfg = AppStore|iPhone
		{65CCB51A-9986-4CC7-BFE3-FD897C116684}.AppStore|iPhone.ActiveCfg = AppStore|iPhone
		{65CCB51A-9986-4CC7-BFE3-FD897C116684}.AppStore|iPhone.Build.0 = AppStore|iPhone
		{65CCB51A-9986-4CC7-BFE3-FD897C116684}.AppStore|iPhoneSimulator.ActiveCfg = AppStore|iPhoneSimulator
		{65CCB51A-9986-4CC7-BFE3-FD897C116684}.AppStore|iPhoneSimulator.Build.0 = AppStore|iPhoneSimulator
		{65CCB51A-9986-4CC7-BFE3-FD897C116684}.AppStore|x64.ActiveCfg = AppStore|iPhone
		{65CCB51A-9986-4CC7-BFE3-FD897C116684}.AppStore|x86.ActiveCfg = AppStore|iPhone
		{65CCB51A-9986-4CC7-BFE3-FD897C116684}.Debug|Any CPU.ActiveCfg = Debug|iPhone
		{65CCB51A-9986-4CC7-BFE3-FD897C116684}.Debug|ARM.ActiveCfg = Debug|iPhone
		{65CCB51A-9986-4CC7-BFE3-FD897C116684}.Debug|iPhone.ActiveCfg = Debug|iPhone
		{65CCB51A-9986-4CC7-BFE3-FD897C116684}.Debug|iPhone.Build.0 = Debug|iPhone
		{65CCB51A-9986-4CC7-BFE3-FD897C116684}.Debug|iPhoneSimulator.ActiveCfg = Debug|iPhoneSimulator
		{65CCB51A-9986-4CC7-BFE3-FD897C116684}.Debug|iPhoneSimulator.Build.0 = Debug|iPhoneSimulator
		{65CCB51A-9986-4CC7-BFE3-FD897C116684}.Debug|x64.ActiveCfg = Debug|iPhone
		{65CCB51A-9986-4CC7-BFE3-FD897C116684}.Debug|x86.ActiveCfg = Debug|iPhone
		{65CCB51A-9986-4CC7-BFE3-FD897C116684}.Release|Any CPU.ActiveCfg = Release|iPhone
		{65CCB51A-9986-4CC7-BFE3-FD897C116684}.Release|ARM.ActiveCfg = Release|iPhone
		{65CCB51A-9986-4CC7-BFE3-FD897C116684}.Release|iPhone.ActiveCfg = Release|iPhone
		{65CCB51A-9986-4CC7-BFE3-FD897C116684}.Release|iPhone.Build.0 = Release|iPhone
		{65CCB51A-9986-4CC7-BFE3-FD897C116684}.Release|iPhoneSimulator.ActiveCfg = Release|iPhoneSimulator
		{65CCB51A-9986-4CC7-BFE3-FD897C116684}.Release|iPhoneSimulator.Build.0 = Release|iPhoneSimulator
		{65CCB51A-9986-4CC7-BFE3-FD897C116684}.Release|x64.ActiveCfg = Release|iPhone
		{65CCB51A-9986-4CC7-BFE3-FD897C116684}.Release|x86.ActiveCfg = Release|iPhone
		{17F32267-5C95-40D2-8F3E-140FAFFA195A}.Ad-Hoc|Any CPU.ActiveCfg = Release|x86
		{17F32267-5C95-40D2-8F3E-140FAFFA195A}.Ad-Hoc|Any CPU.Build.0 = Release|x86
		{17F32267-5C95-40D2-8F3E-140FAFFA195A}.Ad-Hoc|Any CPU.Deploy.0 = Release|x86
		{17F32267-5C95-40D2-8F3E-140FAFFA195A}.Ad-Hoc|ARM.ActiveCfg = Release|ARM
		{17F32267-5C95-40D2-8F3E-140FAFFA195A}.Ad-Hoc|ARM.Build.0 = Release|ARM
		{17F32267-5C95-40D2-8F3E-140FAFFA195A}.Ad-Hoc|ARM.Deploy.0 = Release|ARM
		{17F32267-5C95-40D2-8F3E-140FAFFA195A}.Ad-Hoc|iPhone.ActiveCfg = Release|x86
		{17F32267-5C95-40D2-8F3E-140FAFFA195A}.Ad-Hoc|iPhone.Build.0 = Release|x86
		{17F32267-5C95-40D2-8F3E-140FAFFA195A}.Ad-Hoc|iPhone.Deploy.0 = Release|x86
		{17F32267-5C95-40D2-8F3E-140FAFFA195A}.Ad-Hoc|iPhoneSimulator.ActiveCfg = Release|x86
		{17F32267-5C95-40D2-8F3E-140FAFFA195A}.Ad-Hoc|iPhoneSimulator.Build.0 = Release|x86
		{17F32267-5C95-40D2-8F3E-140FAFFA195A}.Ad-Hoc|iPhoneSimulator.Deploy.0 = Release|x86
		{17F32267-5C95-40D2-8F3E-140FAFFA195A}.Ad-Hoc|x64.ActiveCfg = Release|x64
		{17F32267-5C95-40D2-8F3E-140FAFFA195A}.Ad-Hoc|x64.Build.0 = Release|x64
		{17F32267-5C95-40D2-8F3E-140FAFFA195A}.Ad-Hoc|x64.Deploy.0 = Release|x64
		{17F32267-5C95-40D2-8F3E-140FAFFA195A}.Ad-Hoc|x86.ActiveCfg = Release|x86
		{17F32267-5C95-40D2-8F3E-140FAFFA195A}.Ad-Hoc|x86.Build.0 = Release|x86
		{17F32267-5C95-40D2-8F3E-140FAFFA195A}.Ad-Hoc|x86.Deploy.0 = Release|x86
		{17F32267-5C95-40D2-8F3E-140FAFFA195A}.AppStore|Any CPU.ActiveCfg = Release|x86
		{17F32267-5C95-40D2-8F3E-140FAFFA195A}.AppStore|Any CPU.Build.0 = Release|x86
		{17F32267-5C95-40D2-8F3E-140FAFFA195A}.AppStore|Any CPU.Deploy.0 = Release|x86
		{17F32267-5C95-40D2-8F3E-140FAFFA195A}.AppStore|ARM.ActiveCfg = Release|ARM
		{17F32267-5C95-40D2-8F3E-140FAFFA195A}.AppStore|ARM.Build.0 = Release|ARM
		{17F32267-5C95-40D2-8F3E-140FAFFA195A}.AppStore|ARM.Deploy.0 = Release|ARM
		{17F32267-5C95-40D2-8F3E-140FAFFA195A}.AppStore|iPhone.ActiveCfg = Release|x86
		{17F32267-5C95-40D2-8F3E-140FAFFA195A}.AppStore|iPhone.Build.0 = Release|x86
		{17F32267-5C95-40D2-8F3E-140FAFFA195A}.AppStore|iPhone.Deploy.0 = Release|x86
		{17F32267-5C95-40D2-8F3E-140FAFFA195A}.AppStore|iPhoneSimulator.ActiveCfg = Release|x86
		{17F32267-5C95-40D2-8F3E-140FAFFA195A}.AppStore|iPhoneSimulator.Build.0 = Release|x86
		{17F32267-5C95-40D2-8F3E-140FAFFA195A}.AppStore|iPhoneSimulator.Deploy.0 = Release|x86
		{17F32267-5C95-40D2-8F3E-140FAFFA195A}.AppStore|x64.ActiveCfg = Release|x64
		{17F32267-5C95-40D2-8F3E-140FAFFA195A}.AppStore|x64.Build.0 = Release|x64
		{17F32267-5C95-40D2-8F3E-140FAFFA195A}.AppStore|x64.Deploy.0 = Release|x64
		{17F32267-5C95-40D2-8F3E-140FAFFA195A}.AppStore|x86.ActiveCfg = Release|x86
		{17F32267-5C95-40D2-8F3E-140FAFFA195A}.AppStore|x86.Build.0 = Release|x86
		{17F32267-5C95-40D2-8F3E-140FAFFA195A}.AppStore|x86.Deploy.0 = Release|x86
		{17F32267-5C95-40D2-8F3E-140FAFFA195A}.Debug|Any CPU.ActiveCfg = Debug|x86
		{17F32267-5C95-40D2-8F3E-140FAFFA195A}.Debug|ARM.ActiveCfg = Debug|ARM
		{17F32267-5C95-40D2-8F3E-140FAFFA195A}.Debug|ARM.Build.0 = Debug|ARM
		{17F32267-5C95-40D2-8F3E-140FAFFA195A}.Debug|ARM.Deploy.0 = Debug|ARM
		{17F32267-5C95-40D2-8F3E-140FAFFA195A}.Debug|iPhone.ActiveCfg = Debug|x86
		{17F32267-5C95-40D2-8F3E-140FAFFA195A}.Debug|iPhoneSimulator.ActiveCfg = Debug|x86
		{17F32267-5C95-40D2-8F3E-140FAFFA195A}.Debug|x64.ActiveCfg = Debug|x64
		{17F32267-5C95-40D2-8F3E-140FAFFA195A}.Debug|x64.Build.0 = Debug|x64
		{17F32267-5C95-40D2-8F3E-140FAFFA195A}.Debug|x64.Deploy.0 = Debug|x64
		{17F32267-5C95-40D2-8F3E-140FAFFA195A}.Debug|x86.ActiveCfg = Debug|x86
		{17F32267-5C95-40D2-8F3E-140FAFFA195A}.Debug|x86.Build.0 = Debug|x86
		{17F32267-5C95-40D2-8F3E-140FAFFA195A}.Debug|x86.Deploy.0 = Debug|x86
		{17F32267-5C95-40D2-8F3E-140FAFFA195A}.Release|Any CPU.ActiveCfg = Release|x86
		{17F32267-5C95-40D2-8F3E-140FAFFA195A}.Release|ARM.ActiveCfg = Release|ARM
		{17F32267-5C95-40D2-8F3E-140FAFFA195A}.Release|ARM.Build.0 = Release|ARM
		{17F32267-5C95-40D2-8F3E-140FAFFA195A}.Release|ARM.Deploy.0 = Release|ARM
		{17F32267-5C95-40D2-8F3E-140FAFFA195A}.Release|iPhone.ActiveCfg = Release|x86
		{17F32267-5C95-40D2-8F3E-140FAFFA195A}.Release|iPhoneSimulator.ActiveCfg = Release|x86
		{17F32267-5C95-40D2-8F3E-140FAFFA195A}.Release|x64.ActiveCfg = Release|x64
		{17F32267-5C95-40D2-8F3E-140FAFFA195A}.Release|x64.Build.0 = Release|x64
		{17F32267-5C95-40D2-8F3E-140FAFFA195A}.Release|x64.Deploy.0 = Release|x64
		{17F32267-5C95-40D2-8F3E-140FAFFA195A}.Release|x86.ActiveCfg = Release|x86
		{17F32267-5C95-40D2-8F3E-140FAFFA195A}.Release|x86.Build.0 = Release|x86
		{17F32267-5C95-40D2-8F3E-140FAFFA195A}.Release|x86.Deploy.0 = Release|x86
		{67F9D3A8-F71E-4428-913F-C37AE82CDB24}.Ad-Hoc|Any CPU.ActiveCfg = Release|Any CPU
		{67F9D3A8-F71E-4428-913F-C37AE82CDB24}.Ad-Hoc|Any CPU.Build.0 = Release|Any CPU
		{67F9D3A8-F71E-4428-913F-C37AE82CDB24}.Ad-Hoc|ARM.ActiveCfg = Release|Any CPU
		{67F9D3A8-F71E-4428-913F-C37AE82CDB24}.Ad-Hoc|ARM.Build.0 = Release|Any CPU
		{67F9D3A8-F71E-4428-913F-C37AE82CDB24}.Ad-Hoc|iPhone.ActiveCfg = Release|Any CPU
		{67F9D3A8-F71E-4428-913F-C37AE82CDB24}.Ad-Hoc|iPhone.Build.0 = Release|Any CPU
		{67F9D3A8-F71E-4428-913F-C37AE82CDB24}.Ad-Hoc|iPhoneSimulator.ActiveCfg = Release|Any CPU
		{67F9D3A8-F71E-4428-913F-C37AE82CDB24}.Ad-Hoc|iPhoneSimulator.Build.0 = Release|Any CPU
		{67F9D3A8-F71E-4428-913F-C37AE82CDB24}.Ad-Hoc|x64.ActiveCfg = Release|Any CPU
		{67F9D3A8-F71E-4428-913F-C37AE82CDB24}.Ad-Hoc|x64.Build.0 = Release|Any CPU
		{67F9D3A8-F71E-4428-913F-C37AE82CDB24}.Ad-Hoc|x86.ActiveCfg = Release|Any CPU
		{67F9D3A8-F71E-4428-913F-C37AE82CDB24}.Ad-Hoc|x86.Build.0 = Release|Any CPU
		{67F9D3A8-F71E-4428-913F-C37AE82CDB24}.AppStore|Any CPU.ActiveCfg = Release|Any CPU
		{67F9D3A8-F71E-4428-913F-C37AE82CDB24}.AppStore|Any CPU.Build.0 = Release|Any CPU
		{67F9D3A8-F71E-4428-913F-C37AE82CDB24}.AppStore|ARM.ActiveCfg = Release|Any CPU
		{67F9D3A8-F71E-4428-913F-C37AE82CDB24}.AppStore|ARM.Build.0 = Release|Any CPU
		{67F9D3A8-F71E-4428-913F-C37AE82CDB24}.AppStore|iPhone.ActiveCfg = Release|Any CPU
		{67F9D3A8-F71E-4428-913F-C37AE82CDB24}.AppStore|iPhone.Build.0 = Release|Any CPU
		{67F9D3A8-F71E-4428-913F-C37AE82CDB24}.AppStore|iPhoneSimulator.ActiveCfg = Release|Any CPU
		{67F9D3A8-F71E-4428-913F-C37AE82CDB24}.AppStore|iPhoneSimulator.Build.0 = Release|Any CPU
		{67F9D3A8-F71E-4428-913F-C37AE82CDB24}.AppStore|x64.ActiveCfg = Release|Any CPU
		{67F9D3A8-F71E-4428-913F-C37AE82CDB24}.AppStore|x64.Build.0 = Release|Any CPU
		{67F9D3A8-F71E-4428-913F-C37AE82CDB24}.AppStore|x86.ActiveCfg = Release|Any CPU
		{67F9D3A8-F71E-4428-913F-C37AE82CDB24}.AppStore|x86.Build.0 = Release|Any CPU
		{67F9D3A8-F71E-4428-913F-C37AE82CDB24}.Debug|Any CPU.ActiveCfg = Debug|Any CPU
		{67F9D3A8-F71E-4428-913F-C37AE82CDB24}.Debug|Any CPU.Build.0 = Debug|Any CPU
		{67F9D3A8-F71E-4428-913F-C37AE82CDB24}.Debug|ARM.ActiveCfg = Debug|Any CPU
		{67F9D3A8-F71E-4428-913F-C37AE82CDB24}.Debug|ARM.Build.0 = Debug|Any CPU
		{67F9D3A8-F71E-4428-913F-C37AE82CDB24}.Debug|iPhone.ActiveCfg = Debug|Any CPU
		{67F9D3A8-F71E-4428-913F-C37AE82CDB24}.Debug|iPhone.Build.0 = Debug|Any CPU
		{67F9D3A8-F71E-4428-913F-C37AE82CDB24}.Debug|iPhoneSimulator.ActiveCfg = Debug|Any CPU
		{67F9D3A8-F71E-4428-913F-C37AE82CDB24}.Debug|iPhoneSimulator.Build.0 = Debug|Any CPU
		{67F9D3A8-F71E-4428-913F-C37AE82CDB24}.Debug|x64.ActiveCfg = Debug|Any CPU
		{67F9D3A8-F71E-4428-913F-C37AE82CDB24}.Debug|x64.Build.0 = Debug|Any CPU
		{67F9D3A8-F71E-4428-913F-C37AE82CDB24}.Debug|x86.ActiveCfg = Debug|Any CPU
		{67F9D3A8-F71E-4428-913F-C37AE82CDB24}.Debug|x86.Build.0 = Debug|Any CPU
		{67F9D3A8-F71E-4428-913F-C37AE82CDB24}.Release|Any CPU.ActiveCfg = Release|Any CPU
		{67F9D3A8-F71E-4428-913F-C37AE82CDB24}.Release|Any CPU.Build.0 = Release|Any CPU
		{67F9D3A8-F71E-4428-913F-C37AE82CDB24}.Release|ARM.ActiveCfg = Release|Any CPU
		{67F9D3A8-F71E-4428-913F-C37AE82CDB24}.Release|ARM.Build.0 = Release|Any CPU
		{67F9D3A8-F71E-4428-913F-C37AE82CDB24}.Release|iPhone.ActiveCfg = Release|Any CPU
		{67F9D3A8-F71E-4428-913F-C37AE82CDB24}.Release|iPhone.Build.0 = Release|Any CPU
		{67F9D3A8-F71E-4428-913F-C37AE82CDB24}.Release|iPhoneSimulator.ActiveCfg = Release|Any CPU
		{67F9D3A8-F71E-4428-913F-C37AE82CDB24}.Release|iPhoneSimulator.Build.0 = Release|Any CPU
		{67F9D3A8-F71E-4428-913F-C37AE82CDB24}.Release|x64.ActiveCfg = Release|Any CPU
		{67F9D3A8-F71E-4428-913F-C37AE82CDB24}.Release|x64.Build.0 = Release|Any CPU
		{67F9D3A8-F71E-4428-913F-C37AE82CDB24}.Release|x86.ActiveCfg = Release|Any CPU
		{67F9D3A8-F71E-4428-913F-C37AE82CDB24}.Release|x86.Build.0 = Release|Any CPU
		{6E3428DE-9A6D-491F-99C0-33734AC74D24}.Ad-Hoc|Any CPU.ActiveCfg = Debug|Any CPU
		{6E3428DE-9A6D-491F-99C0-33734AC74D24}.Ad-Hoc|Any CPU.Build.0 = Debug|Any CPU
		{6E3428DE-9A6D-491F-99C0-33734AC74D24}.Ad-Hoc|ARM.ActiveCfg = Debug|Any CPU
		{6E3428DE-9A6D-491F-99C0-33734AC74D24}.Ad-Hoc|ARM.Build.0 = Debug|Any CPU
		{6E3428DE-9A6D-491F-99C0-33734AC74D24}.Ad-Hoc|iPhone.ActiveCfg = Debug|Any CPU
		{6E3428DE-9A6D-491F-99C0-33734AC74D24}.Ad-Hoc|iPhone.Build.0 = Debug|Any CPU
		{6E3428DE-9A6D-491F-99C0-33734AC74D24}.Ad-Hoc|iPhoneSimulator.ActiveCfg = Debug|Any CPU
		{6E3428DE-9A6D-491F-99C0-33734AC74D24}.Ad-Hoc|iPhoneSimulator.Build.0 = Debug|Any CPU
		{6E3428DE-9A6D-491F-99C0-33734AC74D24}.Ad-Hoc|x64.ActiveCfg = Debug|Any CPU
		{6E3428DE-9A6D-491F-99C0-33734AC74D24}.Ad-Hoc|x64.Build.0 = Debug|Any CPU
		{6E3428DE-9A6D-491F-99C0-33734AC74D24}.Ad-Hoc|x86.ActiveCfg = Debug|Any CPU
		{6E3428DE-9A6D-491F-99C0-33734AC74D24}.Ad-Hoc|x86.Build.0 = Debug|Any CPU
		{6E3428DE-9A6D-491F-99C0-33734AC74D24}.AppStore|Any CPU.ActiveCfg = Debug|Any CPU
		{6E3428DE-9A6D-491F-99C0-33734AC74D24}.AppStore|Any CPU.Build.0 = Debug|Any CPU
		{6E3428DE-9A6D-491F-99C0-33734AC74D24}.AppStore|ARM.ActiveCfg = Debug|Any CPU
		{6E3428DE-9A6D-491F-99C0-33734AC74D24}.AppStore|ARM.Build.0 = Debug|Any CPU
		{6E3428DE-9A6D-491F-99C0-33734AC74D24}.AppStore|iPhone.ActiveCfg = Debug|Any CPU
		{6E3428DE-9A6D-491F-99C0-33734AC74D24}.AppStore|iPhone.Build.0 = Debug|Any CPU
		{6E3428DE-9A6D-491F-99C0-33734AC74D24}.AppStore|iPhoneSimulator.ActiveCfg = Debug|Any CPU
		{6E3428DE-9A6D-491F-99C0-33734AC74D24}.AppStore|iPhoneSimulator.Build.0 = Debug|Any CPU
		{6E3428DE-9A6D-491F-99C0-33734AC74D24}.AppStore|x64.ActiveCfg = Debug|Any CPU
		{6E3428DE-9A6D-491F-99C0-33734AC74D24}.AppStore|x64.Build.0 = Debug|Any CPU
		{6E3428DE-9A6D-491F-99C0-33734AC74D24}.AppStore|x86.ActiveCfg = Debug|Any CPU
		{6E3428DE-9A6D-491F-99C0-33734AC74D24}.AppStore|x86.Build.0 = Debug|Any CPU
		{6E3428DE-9A6D-491F-99C0-33734AC74D24}.Debug|Any CPU.ActiveCfg = Debug|Any CPU
		{6E3428DE-9A6D-491F-99C0-33734AC74D24}.Debug|Any CPU.Build.0 = Debug|Any CPU
		{6E3428DE-9A6D-491F-99C0-33734AC74D24}.Debug|ARM.ActiveCfg = Debug|Any CPU
		{6E3428DE-9A6D-491F-99C0-33734AC74D24}.Debug|ARM.Build.0 = Debug|Any CPU
		{6E3428DE-9A6D-491F-99C0-33734AC74D24}.Debug|iPhone.ActiveCfg = Debug|Any CPU
		{6E3428DE-9A6D-491F-99C0-33734AC74D24}.Debug|iPhone.Build.0 = Debug|Any CPU
		{6E3428DE-9A6D-491F-99C0-33734AC74D24}.Debug|iPhoneSimulator.ActiveCfg = Debug|Any CPU
		{6E3428DE-9A6D-491F-99C0-33734AC74D24}.Debug|iPhoneSimulator.Build.0 = Debug|Any CPU
		{6E3428DE-9A6D-491F-99C0-33734AC74D24}.Debug|x64.ActiveCfg = Debug|Any CPU
		{6E3428DE-9A6D-491F-99C0-33734AC74D24}.Debug|x64.Build.0 = Debug|Any CPU
		{6E3428DE-9A6D-491F-99C0-33734AC74D24}.Debug|x86.ActiveCfg = Debug|Any CPU
		{6E3428DE-9A6D-491F-99C0-33734AC74D24}.Debug|x86.Build.0 = Debug|Any CPU
		{6E3428DE-9A6D-491F-99C0-33734AC74D24}.Release|Any CPU.ActiveCfg = Release|Any CPU
		{6E3428DE-9A6D-491F-99C0-33734AC74D24}.Release|Any CPU.Build.0 = Release|Any CPU
		{6E3428DE-9A6D-491F-99C0-33734AC74D24}.Release|ARM.ActiveCfg = Release|Any CPU
		{6E3428DE-9A6D-491F-99C0-33734AC74D24}.Release|ARM.Build.0 = Release|Any CPU
		{6E3428DE-9A6D-491F-99C0-33734AC74D24}.Release|iPhone.ActiveCfg = Release|Any CPU
		{6E3428DE-9A6D-491F-99C0-33734AC74D24}.Release|iPhone.Build.0 = Release|Any CPU
		{6E3428DE-9A6D-491F-99C0-33734AC74D24}.Release|iPhoneSimulator.ActiveCfg = Release|Any CPU
		{6E3428DE-9A6D-491F-99C0-33734AC74D24}.Release|iPhoneSimulator.Build.0 = Release|Any CPU
		{6E3428DE-9A6D-491F-99C0-33734AC74D24}.Release|x64.ActiveCfg = Release|Any CPU
		{6E3428DE-9A6D-491F-99C0-33734AC74D24}.Release|x64.Build.0 = Release|Any CPU
		{6E3428DE-9A6D-491F-99C0-33734AC74D24}.Release|x86.ActiveCfg = Release|Any CPU
		{6E3428DE-9A6D-491F-99C0-33734AC74D24}.Release|x86.Build.0 = Release|Any CPU
		{F6CE77BB-6D98-40CD-9CAC-8FB5FA31B32A}.Ad-Hoc|Any CPU.ActiveCfg = Debug|Any CPU
		{F6CE77BB-6D98-40CD-9CAC-8FB5FA31B32A}.Ad-Hoc|Any CPU.Build.0 = Debug|Any CPU
		{F6CE77BB-6D98-40CD-9CAC-8FB5FA31B32A}.Ad-Hoc|ARM.ActiveCfg = Debug|Any CPU
		{F6CE77BB-6D98-40CD-9CAC-8FB5FA31B32A}.Ad-Hoc|ARM.Build.0 = Debug|Any CPU
		{F6CE77BB-6D98-40CD-9CAC-8FB5FA31B32A}.Ad-Hoc|iPhone.ActiveCfg = Debug|Any CPU
		{F6CE77BB-6D98-40CD-9CAC-8FB5FA31B32A}.Ad-Hoc|iPhone.Build.0 = Debug|Any CPU
		{F6CE77BB-6D98-40CD-9CAC-8FB5FA31B32A}.Ad-Hoc|iPhoneSimulator.ActiveCfg = Debug|Any CPU
		{F6CE77BB-6D98-40CD-9CAC-8FB5FA31B32A}.Ad-Hoc|iPhoneSimulator.Build.0 = Debug|Any CPU
		{F6CE77BB-6D98-40CD-9CAC-8FB5FA31B32A}.Ad-Hoc|x64.ActiveCfg = Debug|Any CPU
		{F6CE77BB-6D98-40CD-9CAC-8FB5FA31B32A}.Ad-Hoc|x64.Build.0 = Debug|Any CPU
		{F6CE77BB-6D98-40CD-9CAC-8FB5FA31B32A}.Ad-Hoc|x86.ActiveCfg = Debug|Any CPU
		{F6CE77BB-6D98-40CD-9CAC-8FB5FA31B32A}.Ad-Hoc|x86.Build.0 = Debug|Any CPU
		{F6CE77BB-6D98-40CD-9CAC-8FB5FA31B32A}.AppStore|Any CPU.ActiveCfg = Debug|Any CPU
		{F6CE77BB-6D98-40CD-9CAC-8FB5FA31B32A}.AppStore|Any CPU.Build.0 = Debug|Any CPU
		{F6CE77BB-6D98-40CD-9CAC-8FB5FA31B32A}.AppStore|ARM.ActiveCfg = Debug|Any CPU
		{F6CE77BB-6D98-40CD-9CAC-8FB5FA31B32A}.AppStore|ARM.Build.0 = Debug|Any CPU
		{F6CE77BB-6D98-40CD-9CAC-8FB5FA31B32A}.AppStore|iPhone.ActiveCfg = Debug|Any CPU
		{F6CE77BB-6D98-40CD-9CAC-8FB5FA31B32A}.AppStore|iPhone.Build.0 = Debug|Any CPU
		{F6CE77BB-6D98-40CD-9CAC-8FB5FA31B32A}.AppStore|iPhoneSimulator.ActiveCfg = Debug|Any CPU
		{F6CE77BB-6D98-40CD-9CAC-8FB5FA31B32A}.AppStore|iPhoneSimulator.Build.0 = Debug|Any CPU
		{F6CE77BB-6D98-40CD-9CAC-8FB5FA31B32A}.AppStore|x64.ActiveCfg = Debug|Any CPU
		{F6CE77BB-6D98-40CD-9CAC-8FB5FA31B32A}.AppStore|x64.Build.0 = Debug|Any CPU
		{F6CE77BB-6D98-40CD-9CAC-8FB5FA31B32A}.AppStore|x86.ActiveCfg = Debug|Any CPU
		{F6CE77BB-6D98-40CD-9CAC-8FB5FA31B32A}.AppStore|x86.Build.0 = Debug|Any CPU
		{F6CE77BB-6D98-40CD-9CAC-8FB5FA31B32A}.Debug|Any CPU.ActiveCfg = Debug|Any CPU
		{F6CE77BB-6D98-40CD-9CAC-8FB5FA31B32A}.Debug|Any CPU.Build.0 = Debug|Any CPU
		{F6CE77BB-6D98-40CD-9CAC-8FB5FA31B32A}.Debug|ARM.ActiveCfg = Debug|Any CPU
		{F6CE77BB-6D98-40CD-9CAC-8FB5FA31B32A}.Debug|ARM.Build.0 = Debug|Any CPU
		{F6CE77BB-6D98-40CD-9CAC-8FB5FA31B32A}.Debug|iPhone.ActiveCfg = Debug|Any CPU
		{F6CE77BB-6D98-40CD-9CAC-8FB5FA31B32A}.Debug|iPhone.Build.0 = Debug|Any CPU
		{F6CE77BB-6D98-40CD-9CAC-8FB5FA31B32A}.Debug|iPhoneSimulator.ActiveCfg = Debug|Any CPU
		{F6CE77BB-6D98-40CD-9CAC-8FB5FA31B32A}.Debug|iPhoneSimulator.Build.0 = Debug|Any CPU
		{F6CE77BB-6D98-40CD-9CAC-8FB5FA31B32A}.Debug|x64.ActiveCfg = Debug|Any CPU
		{F6CE77BB-6D98-40CD-9CAC-8FB5FA31B32A}.Debug|x64.Build.0 = Debug|Any CPU
		{F6CE77BB-6D98-40CD-9CAC-8FB5FA31B32A}.Debug|x86.ActiveCfg = Debug|Any CPU
		{F6CE77BB-6D98-40CD-9CAC-8FB5FA31B32A}.Debug|x86.Build.0 = Debug|Any CPU
		{F6CE77BB-6D98-40CD-9CAC-8FB5FA31B32A}.Release|Any CPU.ActiveCfg = Release|Any CPU
		{F6CE77BB-6D98-40CD-9CAC-8FB5FA31B32A}.Release|Any CPU.Build.0 = Release|Any CPU
		{F6CE77BB-6D98-40CD-9CAC-8FB5FA31B32A}.Release|ARM.ActiveCfg = Release|Any CPU
		{F6CE77BB-6D98-40CD-9CAC-8FB5FA31B32A}.Release|ARM.Build.0 = Release|Any CPU
		{F6CE77BB-6D98-40CD-9CAC-8FB5FA31B32A}.Release|iPhone.ActiveCfg = Release|Any CPU
		{F6CE77BB-6D98-40CD-9CAC-8FB5FA31B32A}.Release|iPhone.Build.0 = Release|Any CPU
		{F6CE77BB-6D98-40CD-9CAC-8FB5FA31B32A}.Release|iPhoneSimulator.ActiveCfg = Release|Any CPU
		{F6CE77BB-6D98-40CD-9CAC-8FB5FA31B32A}.Release|iPhoneSimulator.Build.0 = Release|Any CPU
		{F6CE77BB-6D98-40CD-9CAC-8FB5FA31B32A}.Release|x64.ActiveCfg = Release|Any CPU
		{F6CE77BB-6D98-40CD-9CAC-8FB5FA31B32A}.Release|x64.Build.0 = Release|Any CPU
		{F6CE77BB-6D98-40CD-9CAC-8FB5FA31B32A}.Release|x86.ActiveCfg = Release|Any CPU
		{F6CE77BB-6D98-40CD-9CAC-8FB5FA31B32A}.Release|x86.Build.0 = Release|Any CPU
		{A36A8F79-C330-4C3C-9B3C-3472FDD8F491}.Ad-Hoc|Any CPU.ActiveCfg = Debug|Any CPU
		{A36A8F79-C330-4C3C-9B3C-3472FDD8F491}.Ad-Hoc|Any CPU.Build.0 = Debug|Any CPU
		{A36A8F79-C330-4C3C-9B3C-3472FDD8F491}.Ad-Hoc|ARM.ActiveCfg = Debug|Any CPU
		{A36A8F79-C330-4C3C-9B3C-3472FDD8F491}.Ad-Hoc|ARM.Build.0 = Debug|Any CPU
		{A36A8F79-C330-4C3C-9B3C-3472FDD8F491}.Ad-Hoc|iPhone.ActiveCfg = Debug|Any CPU
		{A36A8F79-C330-4C3C-9B3C-3472FDD8F491}.Ad-Hoc|iPhone.Build.0 = Debug|Any CPU
		{A36A8F79-C330-4C3C-9B3C-3472FDD8F491}.Ad-Hoc|iPhoneSimulator.ActiveCfg = Debug|Any CPU
		{A36A8F79-C330-4C3C-9B3C-3472FDD8F491}.Ad-Hoc|iPhoneSimulator.Build.0 = Debug|Any CPU
		{A36A8F79-C330-4C3C-9B3C-3472FDD8F491}.Ad-Hoc|x64.ActiveCfg = Debug|Any CPU
		{A36A8F79-C330-4C3C-9B3C-3472FDD8F491}.Ad-Hoc|x64.Build.0 = Debug|Any CPU
		{A36A8F79-C330-4C3C-9B3C-3472FDD8F491}.Ad-Hoc|x86.ActiveCfg = Debug|Any CPU
		{A36A8F79-C330-4C3C-9B3C-3472FDD8F491}.Ad-Hoc|x86.Build.0 = Debug|Any CPU
		{A36A8F79-C330-4C3C-9B3C-3472FDD8F491}.AppStore|Any CPU.ActiveCfg = Debug|Any CPU
		{A36A8F79-C330-4C3C-9B3C-3472FDD8F491}.AppStore|Any CPU.Build.0 = Debug|Any CPU
		{A36A8F79-C330-4C3C-9B3C-3472FDD8F491}.AppStore|ARM.ActiveCfg = Debug|Any CPU
		{A36A8F79-C330-4C3C-9B3C-3472FDD8F491}.AppStore|ARM.Build.0 = Debug|Any CPU
		{A36A8F79-C330-4C3C-9B3C-3472FDD8F491}.AppStore|iPhone.ActiveCfg = Debug|Any CPU
		{A36A8F79-C330-4C3C-9B3C-3472FDD8F491}.AppStore|iPhone.Build.0 = Debug|Any CPU
		{A36A8F79-C330-4C3C-9B3C-3472FDD8F491}.AppStore|iPhoneSimulator.ActiveCfg = Debug|Any CPU
		{A36A8F79-C330-4C3C-9B3C-3472FDD8F491}.AppStore|iPhoneSimulator.Build.0 = Debug|Any CPU
		{A36A8F79-C330-4C3C-9B3C-3472FDD8F491}.AppStore|x64.ActiveCfg = Debug|Any CPU
		{A36A8F79-C330-4C3C-9B3C-3472FDD8F491}.AppStore|x64.Build.0 = Debug|Any CPU
		{A36A8F79-C330-4C3C-9B3C-3472FDD8F491}.AppStore|x86.ActiveCfg = Debug|Any CPU
		{A36A8F79-C330-4C3C-9B3C-3472FDD8F491}.AppStore|x86.Build.0 = Debug|Any CPU
		{A36A8F79-C330-4C3C-9B3C-3472FDD8F491}.Debug|Any CPU.ActiveCfg = Debug|Any CPU
		{A36A8F79-C330-4C3C-9B3C-3472FDD8F491}.Debug|Any CPU.Build.0 = Debug|Any CPU
		{A36A8F79-C330-4C3C-9B3C-3472FDD8F491}.Debug|ARM.ActiveCfg = Debug|Any CPU
		{A36A8F79-C330-4C3C-9B3C-3472FDD8F491}.Debug|ARM.Build.0 = Debug|Any CPU
		{A36A8F79-C330-4C3C-9B3C-3472FDD8F491}.Debug|iPhone.ActiveCfg = Debug|Any CPU
		{A36A8F79-C330-4C3C-9B3C-3472FDD8F491}.Debug|iPhone.Build.0 = Debug|Any CPU
		{A36A8F79-C330-4C3C-9B3C-3472FDD8F491}.Debug|iPhoneSimulator.ActiveCfg = Debug|Any CPU
		{A36A8F79-C330-4C3C-9B3C-3472FDD8F491}.Debug|iPhoneSimulator.Build.0 = Debug|Any CPU
		{A36A8F79-C330-4C3C-9B3C-3472FDD8F491}.Debug|x64.ActiveCfg = Debug|Any CPU
		{A36A8F79-C330-4C3C-9B3C-3472FDD8F491}.Debug|x64.Build.0 = Debug|Any CPU
		{A36A8F79-C330-4C3C-9B3C-3472FDD8F491}.Debug|x86.ActiveCfg = Debug|Any CPU
		{A36A8F79-C330-4C3C-9B3C-3472FDD8F491}.Debug|x86.Build.0 = Debug|Any CPU
		{A36A8F79-C330-4C3C-9B3C-3472FDD8F491}.Release|Any CPU.ActiveCfg = Release|Any CPU
		{A36A8F79-C330-4C3C-9B3C-3472FDD8F491}.Release|Any CPU.Build.0 = Release|Any CPU
		{A36A8F79-C330-4C3C-9B3C-3472FDD8F491}.Release|ARM.ActiveCfg = Release|Any CPU
		{A36A8F79-C330-4C3C-9B3C-3472FDD8F491}.Release|ARM.Build.0 = Release|Any CPU
		{A36A8F79-C330-4C3C-9B3C-3472FDD8F491}.Release|iPhone.ActiveCfg = Release|Any CPU
		{A36A8F79-C330-4C3C-9B3C-3472FDD8F491}.Release|iPhone.Build.0 = Release|Any CPU
		{A36A8F79-C330-4C3C-9B3C-3472FDD8F491}.Release|iPhoneSimulator.ActiveCfg = Release|Any CPU
		{A36A8F79-C330-4C3C-9B3C-3472FDD8F491}.Release|iPhoneSimulator.Build.0 = Release|Any CPU
		{A36A8F79-C330-4C3C-9B3C-3472FDD8F491}.Release|x64.ActiveCfg = Release|Any CPU
		{A36A8F79-C330-4C3C-9B3C-3472FDD8F491}.Release|x64.Build.0 = Release|Any CPU
		{A36A8F79-C330-4C3C-9B3C-3472FDD8F491}.Release|x86.ActiveCfg = Release|Any CPU
		{A36A8F79-C330-4C3C-9B3C-3472FDD8F491}.Release|x86.Build.0 = Release|Any CPU
	EndGlobalSection
	GlobalSection(SolutionProperties) = preSolution
		HideSolutionNode = FALSE
	EndGlobalSection
	GlobalSection(ExtensibilityGlobals) = postSolution
		SolutionGuid = {39C08055-CCD2-465C-8EFB-89C862A8BEBE}
	EndGlobalSection
	GlobalSection(MonoDevelopProperties) = preSolution
		StartupItem = Android\MyEvent_XAndroid.csproj
	EndGlobalSection
EndGlobal
